
Microsoft Visual Studio Solution File, Format Version 12.00
# Visual Studio 15
VisualStudioVersion = 15.0.28307.645
MinimumVisualStudioVersion = 10.0.40219.1
Project("{FAE04EC0-301F-11D3-BF4B-00C04F79EFBC}") = "Backend", "Backend\Backend.csproj", "{D9892954-53C7-4A32-BEC5-6916328DFA17}"
EndProject
Global
	GlobalSection(SolutionConfigurationPlatforms) = preSolution
		Debug|Any CPU = Debug|Any CPU
		Release|Any CPU = Release|Any CPU
	EndGlobalSection
	GlobalSection(ProjectConfigurationPlatforms) = postSolution
		{D9892954-53C7-4A32-BEC5-6916328DFA17}.Debug|Any CPU.ActiveCfg = Debug|Any CPU
		{D9892954-53C7-4A32-BEC5-6916328DFA17}.Debug|Any CPU.Build.0 = Debug|Any CPU
		{D9892954-53C7-4A32-BEC5-6916328DFA17}.Release|Any CPU.ActiveCfg = Release|Any CPU
		{D9892954-53C7-4A32-BEC5-6916328DFA17}.Release|Any CPU.Build.0 = Release|Any CPU
	EndGlobalSection
	GlobalSection(SolutionProperties) = preSolution
		HideSolutionNode = FALSE
	EndGlobalSection
	GlobalSection(ExtensibilityGlobals) = postSolution
		SolutionGuid = {58F55707-ADDE-4DCB-9DDE-F65482DE089E}
	EndGlobalSection
EndGlobal
